
Microsoft Visual Studio Solution File, Format Version 12.00
# Visual Studio 2013
VisualStudioVersion = 12.0.31101.0
MinimumVisualStudioVersion = 10.0.40219.1
Project("{2150E333-8FDC-42A3-9474-1A3956D46DE8}") = "pdp11_emulator", "pdp11_emulator", "{73F68BF2-7103-4AC9-B47C-2087A1F6A7CC}"
EndProject
Project("{D954291E-2A0B-460D-934E-DC6B0785DB48}") = "pdp11_emulator.Shared", "pdp11_emulator\pdp11_emulator.Shared\pdp11_emulator.Shared.shproj", "{04A1B940-7483-4EE6-B6EB-F6E2FFEB317A}"
EndProject
Project("{FAE04EC0-301F-11D3-BF4B-00C04F79EFBC}") = "pdp11_emulator.Windows", "pdp11_emulator\pdp11_emulator.Windows\pdp11_emulator.Windows.csproj", "{A08B5CA7-6E3F-4D9F-BE97-6F2051BFD5D0}"
EndProject
Project("{FAE04EC0-301F-11D3-BF4B-00C04F79EFBC}") = "pdp11_emulator.WindowsPhone", "pdp11_emulator\pdp11_emulator.WindowsPhone\pdp11_emulator.WindowsPhone.csproj", "{9BE811A9-25A3-474B-98BB-7C2E573FBAA5}"
EndProject
Global
	GlobalSection(SharedMSBuildProjectFiles) = preSolution
		pdp11_emulator\pdp11_emulator.Shared\pdp11_emulator.Shared.projitems*{04a1b940-7483-4ee6-b6eb-f6e2ffeb317a}*SharedItemsImports = 13
		pdp11_emulator\pdp11_emulator.Shared\pdp11_emulator.Shared.projitems*{a08b5ca7-6e3f-4d9f-be97-6f2051bfd5d0}*SharedItemsImports = 4
		pdp11_emulator\pdp11_emulator.Shared\pdp11_emulator.Shared.projitems*{9be811a9-25a3-474b-98bb-7c2e573fbaa5}*SharedItemsImports = 4
	EndGlobalSection
	GlobalSection(SolutionConfigurationPlatforms) = preSolution
		Debug|Any CPU = Debug|Any CPU
		Debug|ARM = Debug|ARM
		Debug|x64 = Debug|x64
		Debug|x86 = Debug|x86
		Release|Any CPU = Release|Any CPU
		Release|ARM = Release|ARM
		Release|x64 = Release|x64
		Release|x86 = Release|x86
	EndGlobalSection
	GlobalSection(ProjectConfigurationPlatforms) = postSolution
		{A08B5CA7-6E3F-4D9F-BE97-6F2051BFD5D0}.Debug|Any CPU.ActiveCfg = Debug|Any CPU
		{A08B5CA7-6E3F-4D9F-BE97-6F2051BFD5D0}.Debug|Any CPU.Build.0 = Debug|Any CPU
		{A08B5CA7-6E3F-4D9F-BE97-6F2051BFD5D0}.Debug|Any CPU.Deploy.0 = Debug|Any CPU
		{A08B5CA7-6E3F-4D9F-BE97-6F2051BFD5D0}.Debug|ARM.ActiveCfg = Debug|ARM
		{A08B5CA7-6E3F-4D9F-BE97-6F2051BFD5D0}.Debug|ARM.Build.0 = Debug|ARM
		{A08B5CA7-6E3F-4D9F-BE97-6F2051BFD5D0}.Debug|ARM.Deploy.0 = Debug|ARM
		{A08B5CA7-6E3F-4D9F-BE97-6F2051BFD5D0}.Debug|x64.ActiveCfg = Debug|x64
		{A08B5CA7-6E3F-4D9F-BE97-6F2051BFD5D0}.Debug|x64.Build.0 = Debug|x64
		{A08B5CA7-6E3F-4D9F-BE97-6F2051BFD5D0}.Debug|x64.Deploy.0 = Debug|x64
		{A08B5CA7-6E3F-4D9F-BE97-6F2051BFD5D0}.Debug|x86.ActiveCfg = Debug|x86
		{A08B5CA7-6E3F-4D9F-BE97-6F2051BFD5D0}.Debug|x86.Build.0 = Debug|x86
		{A08B5CA7-6E3F-4D9F-BE97-6F2051BFD5D0}.Debug|x86.Deploy.0 = Debug|x86
		{A08B5CA7-6E3F-4D9F-BE97-6F2051BFD5D0}.Release|Any CPU.ActiveCfg = Release|Any CPU
		{A08B5CA7-6E3F-4D9F-BE97-6F2051BFD5D0}.Release|Any CPU.Build.0 = Release|Any CPU
		{A08B5CA7-6E3F-4D9F-BE97-6F2051BFD5D0}.Release|Any CPU.Deploy.0 = Release|Any CPU
		{A08B5CA7-6E3F-4D9F-BE97-6F2051BFD5D0}.Release|ARM.ActiveCfg = Release|ARM
		{A08B5CA7-6E3F-4D9F-BE97-6F2051BFD5D0}.Release|ARM.Build.0 = Release|ARM
		{A08B5CA7-6E3F-4D9F-BE97-6F2051BFD5D0}.Release|ARM.Deploy.0 = Release|ARM
		{A08B5CA7-6E3F-4D9F-BE97-6F2051BFD5D0}.Release|x64.ActiveCfg = Release|x64
		{A08B5CA7-6E3F-4D9F-BE97-6F2051BFD5D0}.Release|x64.Build.0 = Release|x64
		{A08B5CA7-6E3F-4D9F-BE97-6F2051BFD5D0}.Release|x64.Deploy.0 = Release|x64
		{A08B5CA7-6E3F-4D9F-BE97-6F2051BFD5D0}.Release|x86.ActiveCfg = Release|x86
		{A08B5CA7-6E3F-4D9F-BE97-6F2051BFD5D0}.Release|x86.Build.0 = Release|x86
		{A08B5CA7-6E3F-4D9F-BE97-6F2051BFD5D0}.Release|x86.Deploy.0 = Release|x86
		{9BE811A9-25A3-474B-98BB-7C2E573FBAA5}.Debug|Any CPU.ActiveCfg = Debug|Any CPU
		{9BE811A9-25A3-474B-98BB-7C2E573FBAA5}.Debug|Any CPU.Build.0 = Debug|Any CPU
		{9BE811A9-25A3-474B-98BB-7C2E573FBAA5}.Debug|Any CPU.Deploy.0 = Debug|Any CPU
		{9BE811A9-25A3-474B-98BB-7C2E573FBAA5}.Debug|ARM.ActiveCfg = Debug|ARM
		{9BE811A9-25A3-474B-98BB-7C2E573FBAA5}.Debug|ARM.Build.0 = Debug|ARM
		{9BE811A9-25A3-474B-98BB-7C2E573FBAA5}.Debug|ARM.Deploy.0 = Debug|ARM
		{9BE811A9-25A3-474B-98BB-7C2E573FBAA5}.Debug|x64.ActiveCfg = Debug|Any CPU
		{9BE811A9-25A3-474B-98BB-7C2E573FBAA5}.Debug|x86.ActiveCfg = Debug|x86
		{9BE811A9-25A3-474B-98BB-7C2E573FBAA5}.Debug|x86.Build.0 = Debug|x86
		{9BE811A9-25A3-474B-98BB-7C2E573FBAA5}.Debug|x86.Deploy.0 = Debug|x86
		{9BE811A9-25A3-474B-98BB-7C2E573FBAA5}.Release|Any CPU.ActiveCfg = Release|Any CPU
		{9BE811A9-25A3-474B-98BB-7C2E573FBAA5}.Release|Any CPU.Build.0 = Release|Any CPU
		{9BE811A9-25A3-474B-98BB-7C2E573FBAA5}.Release|Any CPU.Deploy.0 = Release|Any CPU
		{9BE811A9-25A3-474B-98BB-7C2E573FBAA5}.Release|ARM.ActiveCfg = Release|ARM
		{9BE811A9-25A3-474B-98BB-7C2E573FBAA5}.Release|ARM.Build.0 = Release|ARM
		{9BE811A9-25A3-474B-98BB-7C2E573FBAA5}.Release|ARM.Deploy.0 = Release|ARM
		{9BE811A9-25A3-474B-98BB-7C2E573FBAA5}.Release|x64.ActiveCfg = Release|Any CPU
		{9BE811A9-25A3-474B-98BB-7C2E573FBAA5}.Release|x86.ActiveCfg = Release|x86
		{9BE811A9-25A3-474B-98BB-7C2E573FBAA5}.Release|x86.Build.0 = Release|x86
		{9BE811A9-25A3-474B-98BB-7C2E573FBAA5}.Release|x86.Deploy.0 = Release|x86
	EndGlobalSection
	GlobalSection(SolutionProperties) = preSolution
		HideSolutionNode = FALSE
	EndGlobalSection
	GlobalSection(NestedProjects) = preSolution
		{04A1B940-7483-4EE6-B6EB-F6E2FFEB317A} = {73F68BF2-7103-4AC9-B47C-2087A1F6A7CC}
		{A08B5CA7-6E3F-4D9F-BE97-6F2051BFD5D0} = {73F68BF2-7103-4AC9-B47C-2087A1F6A7CC}
		{9BE811A9-25A3-474B-98BB-7C2E573FBAA5} = {73F68BF2-7103-4AC9-B47C-2087A1F6A7CC}
	EndGlobalSection
EndGlobal
